
Microsoft Visual Studio Solution File, Format Version 12.00
# Visual Studio Version 17
VisualStudioVersion = 17.7.34031.279
MinimumVisualStudioVersion = 10.0.40219.1
Project("{FAE04EC0-301F-11D3-BF4B-00C04F79EFBC}") = "OOPlab3", "OOPlab3\OOPlab3.csproj", "{D227D452-56D4-4CB8-A19E-42E7784CC639}"
EndProject
Global
	GlobalSection(SolutionConfigurationPlatforms) = preSolution
		Debug|Any CPU = Debug|Any CPU
		Release|Any CPU = Release|Any CPU
	EndGlobalSection
	GlobalSection(ProjectConfigurationPlatforms) = postSolution
		{D227D452-56D4-4CB8-A19E-42E7784CC639}.Debug|Any CPU.ActiveCfg = Debug|Any CPU
		{D227D452-56D4-4CB8-A19E-42E7784CC639}.Debug|Any CPU.Build.0 = Debug|Any CPU
		{D227D452-56D4-4CB8-A19E-42E7784CC639}.Release|Any CPU.ActiveCfg = Release|Any CPU
		{D227D452-56D4-4CB8-A19E-42E7784CC639}.Release|Any CPU.Build.0 = Release|Any CPU
	EndGlobalSection
	GlobalSection(SolutionProperties) = preSolution
		HideSolutionNode = FALSE
	EndGlobalSection
	GlobalSection(ExtensibilityGlobals) = postSolution
		SolutionGuid = {9CA38AB9-92AE-456D-BE12-3BDDFCB07C67}
	EndGlobalSection
EndGlobal
